
Microsoft Visual Studio Solution File, Format Version 12.00
# Visual Studio Version 17
VisualStudioVersion = 17.4.33213.308
MinimumVisualStudioVersion = 10.0.40219.1
Project("{9A19103F-16F7-4668-BE54-9A1E7A4F7556}") = "RestDogsApplication", "RestDogsApplication\RestDogsApplication.csproj", "{CE9673EF-A136-4AAD-A3ED-900F591030F4}"
EndProject
Project("{9A19103F-16F7-4668-BE54-9A1E7A4F7556}") = "DogsApplication", "DogsApplication\DogsApplication.csproj", "{BC98A68C-0540-4281-8F68-F25604EFD8F6}"
EndProject
Global
	GlobalSection(SolutionConfigurationPlatforms) = preSolution
		Debug|Any CPU = Debug|Any CPU
		Release|Any CPU = Release|Any CPU
	EndGlobalSection
	GlobalSection(ProjectConfigurationPlatforms) = postSolution
		{CE9673EF-A136-4AAD-A3ED-900F591030F4}.Debug|Any CPU.ActiveCfg = Debug|Any CPU
		{CE9673EF-A136-4AAD-A3ED-900F591030F4}.Debug|Any CPU.Build.0 = Debug|Any CPU
		{CE9673EF-A136-4AAD-A3ED-900F591030F4}.Release|Any CPU.ActiveCfg = Release|Any CPU
		{CE9673EF-A136-4AAD-A3ED-900F591030F4}.Release|Any CPU.Build.0 = Release|Any CPU
		{BC98A68C-0540-4281-8F68-F25604EFD8F6}.Debug|Any CPU.ActiveCfg = Debug|Any CPU
		{BC98A68C-0540-4281-8F68-F25604EFD8F6}.Debug|Any CPU.Build.0 = Debug|Any CPU
		{BC98A68C-0540-4281-8F68-F25604EFD8F6}.Release|Any CPU.ActiveCfg = Release|Any CPU
		{BC98A68C-0540-4281-8F68-F25604EFD8F6}.Release|Any CPU.Build.0 = Release|Any CPU
	EndGlobalSection
	GlobalSection(SolutionProperties) = preSolution
		HideSolutionNode = FALSE
	EndGlobalSection
	GlobalSection(ExtensibilityGlobals) = postSolution
		SolutionGuid = {B54596E8-BCA3-4747-A184-48DC94E6C614}
	EndGlobalSection
EndGlobal
